// !$*UTF8*$!
{
	archiveVersion = 1;
	classes = {
	};
	objectVersion = 50;
	objects = {

/* Begin PBXBuildFile section */
		733659A3259A16BD00A604B7 /* AppDelegate.swift in Sources */ = {isa = PBXBuildFile; fileRef = 733659A2259A16BD00A604B7 /* AppDelegate.swift */; };
		733659AC259A16BE00A604B7 /* Assets.xcassets in Resources */ = {isa = PBXBuildFile; fileRef = 733659AB259A16BE00A604B7 /* Assets.xcassets */; };
		733659AF259A16BE00A604B7 /* LaunchScreen.storyboard in Resources */ = {isa = PBXBuildFile; fileRef = 733659AD259A16BE00A604B7 /* LaunchScreen.storyboard */; };
		733659DB259A2D3000A604B7 /* Main.storyboard in Resources */ = {isa = PBXBuildFile; fileRef = 733659D9259A2D3000A604B7 /* Main.storyboard */; };
		733659DF259A2F3000A604B7 /* Home.storyboard in Resources */ = {isa = PBXBuildFile; fileRef = 733659DD259A2F3000A604B7 /* Home.storyboard */; };
		733659E3259A2F5D00A604B7 /* Rank.storyboard in Resources */ = {isa = PBXBuildFile; fileRef = 733659E1259A2F5D00A604B7 /* Rank.storyboard */; };
		733659E7259A2F7A00A604B7 /* Discover.storyboard in Resources */ = {isa = PBXBuildFile; fileRef = 733659E5259A2F7A00A604B7 /* Discover.storyboard */; };
		733659EB259A2F9900A604B7 /* Profile.storyboard in Resources */ = {isa = PBXBuildFile; fileRef = 733659E9259A2F9900A604B7 /* Profile.storyboard */; };
		73C398EF25A4980E00AC084C /* JCWaterfallLayout.swift in Sources */ = {isa = PBXBuildFile; fileRef = 73C398EE25A4980E00AC084C /* JCWaterfallLayout.swift */; };
		73C398F625A4985300AC084C /* JCTitleStyle.swift in Sources */ = {isa = PBXBuildFile; fileRef = 73C398F225A4985300AC084C /* JCTitleStyle.swift */; };
		73C398F725A4985300AC084C /* JCPageView.swift in Sources */ = {isa = PBXBuildFile; fileRef = 73C398F325A4985300AC084C /* JCPageView.swift */; };
		73C398F825A4985300AC084C /* JCContentView.swift in Sources */ = {isa = PBXBuildFile; fileRef = 73C398F425A4985300AC084C /* JCContentView.swift */; };
		73C398F925A4985300AC084C /* JCTitleView.swift in Sources */ = {isa = PBXBuildFile; fileRef = 73C398F525A4985300AC084C /* JCTitleView.swift */; };
		73C398FD25A4988700AC084C /* UIColor+Extension.swift in Sources */ = {isa = PBXBuildFile; fileRef = 73C398FC25A4988700AC084C /* UIColor+Extension.swift */; };
		73C3990525A4A2A100AC084C /* types.plist in Resources */ = {isa = PBXBuildFile; fileRef = 73C3990425A4A2A100AC084C /* types.plist */; };
		73C3990825A4A3FE00AC084C /* HomeType.swift in Sources */ = {isa = PBXBuildFile; fileRef = 73C3990725A4A3FE00AC084C /* HomeType.swift */; };
		73C3990B25A4BF0000AC084C /* Common.swift in Sources */ = {isa = PBXBuildFile; fileRef = 73C3990A25A4BF0000AC084C /* Common.swift */; };
		73EAF863259ACD6400E80205 /* HomeViewController.swift in Sources */ = {isa = PBXBuildFile; fileRef = 73EAF862259ACD6400E80205 /* HomeViewController.swift */; };
		73EAF866259ACE6A00E80205 /* RankViewController.swift in Sources */ = {isa = PBXBuildFile; fileRef = 73EAF865259ACE6A00E80205 /* RankViewController.swift */; };
		73EAF869259ACF2600E80205 /* NavigationViewController.swift in Sources */ = {isa = PBXBuildFile; fileRef = 73EAF868259ACF2600E80205 /* NavigationViewController.swift */; };
		73F606E625A558FF0097741A /* AnchorViewController.swift in Sources */ = {isa = PBXBuildFile; fileRef = 73F606E525A558FF0097741A /* AnchorViewController.swift */; };
		73F606E925A5767A0097741A /* AnchorModel.swift in Sources */ = {isa = PBXBuildFile; fileRef = 73F606E825A5767A0097741A /* AnchorModel.swift */; };
		D73DA4C0E916326DCEDE8F69 /* Pods_CMTV.framework in Frameworks */ = {isa = PBXBuildFile; fileRef = B86AECCF4DABA4F673C39404 /* Pods_CMTV.framework */; };
/* End PBXBuildFile section */

/* Begin PBXFileReference section */
		7336599F259A16BD00A604B7 /* CMTV.app */ = {isa = PBXFileReference; explicitFileType = wrapper.application; includeInIndex = 0; path = CMTV.app; sourceTree = BUILT_PRODUCTS_DIR; };
		733659A2259A16BD00A604B7 /* AppDelegate.swift */ = {isa = PBXFileReference; lastKnownFileType = sourcecode.swift; path = AppDelegate.swift; sourceTree = "<group>"; };
		733659AB259A16BE00A604B7 /* Assets.xcassets */ = {isa = PBXFileReference; lastKnownFileType = folder.assetcatalog; path = Assets.xcassets; sourceTree = "<group>"; };
		733659AE259A16BE00A604B7 /* Base */ = {isa = PBXFileReference; lastKnownFileType = file.storyboard; name = Base; path = Base.lproj/LaunchScreen.storyboard; sourceTree = "<group>"; };
		733659B0259A16BE00A604B7 /* Info.plist */ = {isa = PBXFileReference; lastKnownFileType = text.plist.xml; path = Info.plist; sourceTree = "<group>"; };
		733659DA259A2D3000A604B7 /* Base */ = {isa = PBXFileReference; lastKnownFileType = file.storyboard; name = Base; path = CMTV/Base.lproj/Main.storyboard; sourceTree = SOURCE_ROOT; };
		733659DE259A2F3000A604B7 /* Base */ = {isa = PBXFileReference; lastKnownFileType = file.storyboard; name = Base; path = CMTV/Base.lproj/Home.storyboard; sourceTree = SOURCE_ROOT; };
		733659E2259A2F5D00A604B7 /* Base */ = {isa = PBXFileReference; lastKnownFileType = file.storyboard; name = Base; path = CMTV/Base.lproj/Rank.storyboard; sourceTree = SOURCE_ROOT; };
		733659E6259A2F7A00A604B7 /* Base */ = {isa = PBXFileReference; lastKnownFileType = file.storyboard; name = Base; path = CMTV/Base.lproj/Discover.storyboard; sourceTree = SOURCE_ROOT; };
		733659EA259A2F9900A604B7 /* Base */ = {isa = PBXFileReference; lastKnownFileType = file.storyboard; name = Base; path = CMTV/Base.lproj/Profile.storyboard; sourceTree = SOURCE_ROOT; };
		73C398EE25A4980E00AC084C /* JCWaterfallLayout.swift */ = {isa = PBXFileReference; fileEncoding = 4; lastKnownFileType = sourcecode.swift; path = JCWaterfallLayout.swift; sourceTree = "<group>"; };
		73C398F225A4985300AC084C /* JCTitleStyle.swift */ = {isa = PBXFileReference; fileEncoding = 4; lastKnownFileType = sourcecode.swift; path = JCTitleStyle.swift; sourceTree = "<group>"; };
		73C398F325A4985300AC084C /* JCPageView.swift */ = {isa = PBXFileReference; fileEncoding = 4; lastKnownFileType = sourcecode.swift; path = JCPageView.swift; sourceTree = "<group>"; };
		73C398F425A4985300AC084C /* JCContentView.swift */ = {isa = PBXFileReference; fileEncoding = 4; lastKnownFileType = sourcecode.swift; path = JCContentView.swift; sourceTree = "<group>"; };
		73C398F525A4985300AC084C /* JCTitleView.swift */ = {isa = PBXFileReference; fileEncoding = 4; lastKnownFileType = sourcecode.swift; path = JCTitleView.swift; sourceTree = "<group>"; };
		73C398FC25A4988700AC084C /* UIColor+Extension.swift */ = {isa = PBXFileReference; fileEncoding = 4; lastKnownFileType = sourcecode.swift; path = "UIColor+Extension.swift"; sourceTree = "<group>"; };
		73C3990425A4A2A100AC084C /* types.plist */ = {isa = PBXFileReference; fileEncoding = 4; lastKnownFileType = text.plist.xml; path = types.plist; sourceTree = "<group>"; };
		73C3990725A4A3FE00AC084C /* HomeType.swift */ = {isa = PBXFileReference; lastKnownFileType = sourcecode.swift; path = HomeType.swift; sourceTree = "<group>"; };
		73C3990A25A4BF0000AC084C /* Common.swift */ = {isa = PBXFileReference; lastKnownFileType = sourcecode.swift; path = Common.swift; sourceTree = "<group>"; };
		73EAF862259ACD6400E80205 /* HomeViewController.swift */ = {isa = PBXFileReference; lastKnownFileType = sourcecode.swift; path = HomeViewController.swift; sourceTree = "<group>"; };
		73EAF865259ACE6A00E80205 /* RankViewController.swift */ = {isa = PBXFileReference; lastKnownFileType = sourcecode.swift; path = RankViewController.swift; sourceTree = "<group>"; };
		73EAF868259ACF2600E80205 /* NavigationViewController.swift */ = {isa = PBXFileReference; lastKnownFileType = sourcecode.swift; path = NavigationViewController.swift; sourceTree = "<group>"; };
		73F606E525A558FF0097741A /* AnchorViewController.swift */ = {isa = PBXFileReference; lastKnownFileType = sourcecode.swift; path = AnchorViewController.swift; sourceTree = "<group>"; };
		73F606E825A5767A0097741A /* AnchorModel.swift */ = {isa = PBXFileReference; fileEncoding = 4; lastKnownFileType = sourcecode.swift; path = AnchorModel.swift; sourceTree = "<group>"; };
		B86AECCF4DABA4F673C39404 /* Pods_CMTV.framework */ = {isa = PBXFileReference; explicitFileType = wrapper.framework; includeInIndex = 0; path = Pods_CMTV.framework; sourceTree = BUILT_PRODUCTS_DIR; };
		BA2E90A87E7D0CB54C677D8D /* Pods-CMTV.debug.xcconfig */ = {isa = PBXFileReference; includeInIndex = 1; lastKnownFileType = text.xcconfig; name = "Pods-CMTV.debug.xcconfig"; path = "Target Support Files/Pods-CMTV/Pods-CMTV.debug.xcconfig"; sourceTree = "<group>"; };
		F8A1930553F839B02F5B1DBD /* Pods-CMTV.release.xcconfig */ = {isa = PBXFileReference; includeInIndex = 1; lastKnownFileType = text.xcconfig; name = "Pods-CMTV.release.xcconfig"; path = "Target Support Files/Pods-CMTV/Pods-CMTV.release.xcconfig"; sourceTree = "<group>"; };
/* End PBXFileReference section */

/* Begin PBXFrameworksBuildPhase section */
		7336599C259A16BD00A604B7 /* Frameworks */ = {
			isa = PBXFrameworksBuildPhase;
			buildActionMask = 2147483647;
			files = (
				D73DA4C0E916326DCEDE8F69 /* Pods_CMTV.framework in Frameworks */,
			);
			runOnlyForDeploymentPostprocessing = 0;
		};
/* End PBXFrameworksBuildPhase section */

/* Begin PBXGroup section */
		12AF35D3625B84CE86FD39E2 /* Pods */ = {
			isa = PBXGroup;
			children = (
				BA2E90A87E7D0CB54C677D8D /* Pods-CMTV.debug.xcconfig */,
				F8A1930553F839B02F5B1DBD /* Pods-CMTV.release.xcconfig */,
			);
			name = Pods;
			path = Pods;
			sourceTree = "<group>";
		};
		73365996259A16BC00A604B7 = {
			isa = PBXGroup;
			children = (
				733659A1259A16BD00A604B7 /* CMTV */,
				733659A0259A16BD00A604B7 /* Products */,
				12AF35D3625B84CE86FD39E2 /* Pods */,
				E5BEF0A106C4B7CD441870E9 /* Frameworks */,
			);
			sourceTree = "<group>";
		};
		733659A0259A16BD00A604B7 /* Products */ = {
			isa = PBXGroup;
			children = (
				7336599F259A16BD00A604B7 /* CMTV.app */,
			);
			name = Products;
			sourceTree = "<group>";
		};
		733659A1259A16BD00A604B7 /* CMTV */ = {
			isa = PBXGroup;
			children = (
				73C3990325A4A2A100AC084C /* Resource */,
				733659BB259A199200A604B7 /* Classes */,
				733659A2259A16BD00A604B7 /* AppDelegate.swift */,
				733659AB259A16BE00A604B7 /* Assets.xcassets */,
				733659AD259A16BE00A604B7 /* LaunchScreen.storyboard */,
				733659B0259A16BE00A604B7 /* Info.plist */,
			);
			path = CMTV;
			sourceTree = "<group>";
		};
		733659BB259A199200A604B7 /* Classes */ = {
			isa = PBXGroup;
			children = (
				73EAF86C259B116A00E80205 /* Tools */,
				73EAF86B259B116200E80205 /* Extensions */,
				733659BC259A199200A604B7 /* Home */,
				733659C0259A199200A604B7 /* Discover */,
				733659C4259A199200A604B7 /* Profile */,
				733659C8259A199200A604B7 /* Main */,
				733659CC259A199200A604B7 /* Rank */,
				733659D0259A199200A604B7 /* Base */,
			);
			path = Classes;
			sourceTree = "<group>";
		};
		733659BC259A199200A604B7 /* Home */ = {
			isa = PBXGroup;
			children = (
				733659BD259A199200A604B7 /* Controller */,
				733659BE259A199200A604B7 /* Model */,
				733659BF259A199200A604B7 /* View */,
			);
			path = Home;
			sourceTree = "<group>";
		};
		733659BD259A199200A604B7 /* Controller */ = {
			isa = PBXGroup;
			children = (
				733659DD259A2F3000A604B7 /* Home.storyboard */,
				73EAF862259ACD6400E80205 /* HomeViewController.swift */,
				73F606E525A558FF0097741A /* AnchorViewController.swift */,
			);
			path = Controller;
			sourceTree = "<group>";
		};
		733659BE259A199200A604B7 /* Model */ = {
			isa = PBXGroup;
			children = (
				73F606E825A5767A0097741A /* AnchorModel.swift */,
				73C3990725A4A3FE00AC084C /* HomeType.swift */,
			);
			path = Model;
			sourceTree = "<group>";
		};
		733659BF259A199200A604B7 /* View */ = {
			isa = PBXGroup;
			children = (
			);
			path = View;
			sourceTree = "<group>";
		};
		733659C0259A199200A604B7 /* Discover */ = {
			isa = PBXGroup;
			children = (
				733659C1259A199200A604B7 /* Controller */,
				733659C2259A199200A604B7 /* Model */,
				733659C3259A199200A604B7 /* View */,
			);
			path = Discover;
			sourceTree = "<group>";
		};
		733659C1259A199200A604B7 /* Controller */ = {
			isa = PBXGroup;
			children = (
				733659E5259A2F7A00A604B7 /* Discover.storyboard */,
			);
			path = Controller;
			sourceTree = "<group>";
		};
		733659C2259A199200A604B7 /* Model */ = {
			isa = PBXGroup;
			children = (
			);
			path = Model;
			sourceTree = "<group>";
		};
		733659C3259A199200A604B7 /* View */ = {
			isa = PBXGroup;
			children = (
			);
			path = View;
			sourceTree = "<group>";
		};
		733659C4259A199200A604B7 /* Profile */ = {
			isa = PBXGroup;
			children = (
				733659C5259A199200A604B7 /* Controller */,
				733659C6259A199200A604B7 /* Model */,
				733659C7259A199200A604B7 /* View */,
			);
			path = Profile;
			sourceTree = "<group>";
		};
		733659C5259A199200A604B7 /* Controller */ = {
			isa = PBXGroup;
			children = (
				733659E9259A2F9900A604B7 /* Profile.storyboard */,
			);
			path = Controller;
			sourceTree = "<group>";
		};
		733659C6259A199200A604B7 /* Model */ = {
			isa = PBXGroup;
			children = (
			);
			path = Model;
			sourceTree = "<group>";
		};
		733659C7259A199200A604B7 /* View */ = {
			isa = PBXGroup;
			children = (
			);
			path = View;
			sourceTree = "<group>";
		};
		733659C8259A199200A604B7 /* Main */ = {
			isa = PBXGroup;
			children = (
				733659C9259A199200A604B7 /* Controller */,
				733659CA259A199200A604B7 /* Model */,
				733659CB259A199200A604B7 /* View */,
			);
			path = Main;
			sourceTree = "<group>";
		};
		733659C9259A199200A604B7 /* Controller */ = {
			isa = PBXGroup;
			children = (
				733659D9259A2D3000A604B7 /* Main.storyboard */,
				73EAF868259ACF2600E80205 /* NavigationViewController.swift */,
			);
			path = Controller;
			sourceTree = "<group>";
		};
		733659CA259A199200A604B7 /* Model */ = {
			isa = PBXGroup;
			children = (
			);
			path = Model;
			sourceTree = "<group>";
		};
		733659CB259A199200A604B7 /* View */ = {
			isa = PBXGroup;
			children = (
			);
			path = View;
			sourceTree = "<group>";
		};
		733659CC259A199200A604B7 /* Rank */ = {
			isa = PBXGroup;
			children = (
				733659CD259A199200A604B7 /* Controller */,
				733659CE259A199200A604B7 /* Model */,
				733659CF259A199200A604B7 /* View */,
			);
			path = Rank;
			sourceTree = "<group>";
		};
		733659CD259A199200A604B7 /* Controller */ = {
			isa = PBXGroup;
			children = (
				733659E1259A2F5D00A604B7 /* Rank.storyboard */,
				73EAF865259ACE6A00E80205 /* RankViewController.swift */,
			);
			path = Controller;
			sourceTree = "<group>";
		};
		733659CE259A199200A604B7 /* Model */ = {
			isa = PBXGroup;
			children = (
			);
			path = Model;
			sourceTree = "<group>";
		};
		733659CF259A199200A604B7 /* View */ = {
			isa = PBXGroup;
			children = (
			);
			path = View;
			sourceTree = "<group>";
		};
		733659D0259A199200A604B7 /* Base */ = {
			isa = PBXGroup;
			children = (
				733659D1259A199200A604B7 /* Controller */,
				733659D2259A199200A604B7 /* Model */,
				733659D3259A199200A604B7 /* View */,
			);
			path = Base;
			sourceTree = "<group>";
		};
		733659D1259A199200A604B7 /* Controller */ = {
			isa = PBXGroup;
			children = (
				73C398EE25A4980E00AC084C /* JCWaterfallLayout.swift */,
			);
			path = Controller;
			sourceTree = "<group>";
		};
		733659D2259A199200A604B7 /* Model */ = {
			isa = PBXGroup;
			children = (
			);
			path = Model;
			sourceTree = "<group>";
		};
		733659D3259A199200A604B7 /* View */ = {
			isa = PBXGroup;
			children = (
				73C398F125A4985300AC084C /* JCPageView */,
			);
			path = View;
			sourceTree = "<group>";
		};
		73C398F125A4985300AC084C /* JCPageView */ = {
			isa = PBXGroup;
			children = (
				73C398F225A4985300AC084C /* JCTitleStyle.swift */,
				73C398F325A4985300AC084C /* JCPageView.swift */,
				73C398F425A4985300AC084C /* JCContentView.swift */,
				73C398F525A4985300AC084C /* JCTitleView.swift */,
			);
			path = JCPageView;
			sourceTree = "<group>";
		};
		73C3990325A4A2A100AC084C /* Resource */ = {
			isa = PBXGroup;
			children = (
				73C3990425A4A2A100AC084C /* types.plist */,
			);
			path = Resource;
			sourceTree = "<group>";
		};
		73EAF86B259B116200E80205 /* Extensions */ = {
			isa = PBXGroup;
			children = (
				73C398FC25A4988700AC084C /* UIColor+Extension.swift */,
			);
			path = Extensions;
			sourceTree = "<group>";
		};
		73EAF86C259B116A00E80205 /* Tools */ = {
			isa = PBXGroup;
			children = (
				73C3990A25A4BF0000AC084C /* Common.swift */,
			);
			path = Tools;
			sourceTree = "<group>";
		};
		E5BEF0A106C4B7CD441870E9 /* Frameworks */ = {
			isa = PBXGroup;
			children = (
				B86AECCF4DABA4F673C39404 /* Pods_CMTV.framework */,
			);
			name = Frameworks;
			sourceTree = "<group>";
		};
/* End PBXGroup section */

/* Begin PBXNativeTarget section */
		7336599E259A16BD00A604B7 /* CMTV */ = {
			isa = PBXNativeTarget;
			buildConfigurationList = 733659B3259A16BE00A604B7 /* Build configuration list for PBXNativeTarget "CMTV" */;
			buildPhases = (
				B23E6675191B102FD327DC26 /* [CP] Check Pods Manifest.lock */,
				7336599B259A16BD00A604B7 /* Sources */,
				7336599C259A16BD00A604B7 /* Frameworks */,
				7336599D259A16BD00A604B7 /* Resources */,
				5CBE92483C6E9CEC877AD7DB /* [CP] Embed Pods Frameworks */,
			);
			buildRules = (
			);
			dependencies = (
			);
			name = CMTV;
			productName = CMTV;
			productReference = 7336599F259A16BD00A604B7 /* CMTV.app */;
			productType = "com.apple.product-type.application";
		};
/* End PBXNativeTarget section */

/* Begin PBXProject section */
		73365997259A16BC00A604B7 /* Project object */ = {
			isa = PBXProject;
			attributes = {
				LastSwiftUpdateCheck = 1230;
				LastUpgradeCheck = 1230;
				TargetAttributes = {
					7336599E259A16BD00A604B7 = {
						CreatedOnToolsVersion = 12.3;
					};
				};
			};
			buildConfigurationList = 7336599A259A16BC00A604B7 /* Build configuration list for PBXProject "CMTV" */;
			compatibilityVersion = "Xcode 9.3";
			developmentRegion = en;
			hasScannedForEncodings = 0;
			knownRegions = (
				en,
				Base,
			);
			mainGroup = 73365996259A16BC00A604B7;
			productRefGroup = 733659A0259A16BD00A604B7 /* Products */;
			projectDirPath = "";
			projectRoot = "";
			targets = (
				7336599E259A16BD00A604B7 /* CMTV */,
			);
		};
/* End PBXProject section */

/* Begin PBXResourcesBuildPhase section */
		7336599D259A16BD00A604B7 /* Resources */ = {
			isa = PBXResourcesBuildPhase;
			buildActionMask = 2147483647;
			files = (
				733659E3259A2F5D00A604B7 /* Rank.storyboard in Resources */,
				733659DB259A2D3000A604B7 /* Main.storyboard in Resources */,
				73C3990525A4A2A100AC084C /* types.plist in Resources */,
				733659AF259A16BE00A604B7 /* LaunchScreen.storyboard in Resources */,
				733659AC259A16BE00A604B7 /* Assets.xcassets in Resources */,
				733659DF259A2F3000A604B7 /* Home.storyboard in Resources */,
				733659EB259A2F9900A604B7 /* Profile.storyboard in Resources */,
				733659E7259A2F7A00A604B7 /* Discover.storyboard in Resources */,
			);
			runOnlyForDeploymentPostprocessing = 0;
		};
/* End PBXResourcesBuildPhase section */

/* Begin PBXShellScriptBuildPhase section */
		5CBE92483C6E9CEC877AD7DB /* [CP] Embed Pods Frameworks */ = {
			isa = PBXShellScriptBuildPhase;
			buildActionMask = 2147483647;
			files = (
			);
			inputFileListPaths = (
				"${PODS_ROOT}/Target Support Files/Pods-CMTV/Pods-CMTV-frameworks-${CONFIGURATION}-input-files.xcfilelist",
			);
			name = "[CP] Embed Pods Frameworks";
			outputFileListPaths = (
				"${PODS_ROOT}/Target Support Files/Pods-CMTV/Pods-CMTV-frameworks-${CONFIGURATION}-output-files.xcfilelist",
			);
			runOnlyForDeploymentPostprocessing = 0;
			shellPath = /bin/sh;
			shellScript = "\"${PODS_ROOT}/Target Support Files/Pods-CMTV/Pods-CMTV-frameworks.sh\"\n";
			showEnvVarsInLog = 0;
		};
		B23E6675191B102FD327DC26 /* [CP] Check Pods Manifest.lock */ = {
			isa = PBXShellScriptBuildPhase;
			buildActionMask = 2147483647;
			files = (
			);
			inputFileListPaths = (
			);
			inputPaths = (
				"${PODS_PODFILE_DIR_PATH}/Podfile.lock",
				"${PODS_ROOT}/Manifest.lock",
			);
			name = "[CP] Check Pods Manifest.lock";
			outputFileListPaths = (
			);
			outputPaths = (
				"$(DERIVED_FILE_DIR)/Pods-CMTV-checkManifestLockResult.txt",
			);
			runOnlyForDeploymentPostprocessing = 0;
			shellPath = /bin/sh;
			shellScript = "diff \"${PODS_PODFILE_DIR_PATH}/Podfile.lock\" \"${PODS_ROOT}/Manifest.lock\" > /dev/null\nif [ $? != 0 ] ; then\n    # print error to STDERR\n    echo \"error: The sandbox is not in sync with the Podfile.lock. Run 'pod install' or update your CocoaPods installation.\" >&2\n    exit 1\nfi\n# This output is used by Xcode 'outputs' to avoid re-running this script phase.\necho \"SUCCESS\" > \"${SCRIPT_OUTPUT_FILE_0}\"\n";
			showEnvVarsInLog = 0;
		};
/* End PBXShellScriptBuildPhase section */

/* Begin PBXSourcesBuildPhase section */
		7336599B259A16BD00A604B7 /* Sources */ = {
			isa = PBXSourcesBuildPhase;
			buildActionMask = 2147483647;
			files = (
				73C398F725A4985300AC084C /* JCPageView.swift in Sources */,
				73C398F625A4985300AC084C /* JCTitleStyle.swift in Sources */,
				73C398F925A4985300AC084C /* JCTitleView.swift in Sources */,
				73EAF869259ACF2600E80205 /* NavigationViewController.swift in Sources */,
				73C3990B25A4BF0000AC084C /* Common.swift in Sources */,
				733659A3259A16BD00A604B7 /* AppDelegate.swift in Sources */,
				73EAF863259ACD6400E80205 /* HomeViewController.swift in Sources */,
				73C3990825A4A3FE00AC084C /* HomeType.swift in Sources */,
				73F606E925A5767A0097741A /* AnchorModel.swift in Sources */,
				73C398F825A4985300AC084C /* JCContentView.swift in Sources */,
				73C398EF25A4980E00AC084C /* JCWaterfallLayout.swift in Sources */,
				73EAF866259ACE6A00E80205 /* RankViewController.swift in Sources */,
				73C398FD25A4988700AC084C /* UIColor+Extension.swift in Sources */,
				73F606E625A558FF0097741A /* AnchorViewController.swift in Sources */,
			);
			runOnlyForDeploymentPostprocessing = 0;
		};
/* End PBXSourcesBuildPhase section */

/* Begin PBXVariantGroup section */
		733659AD259A16BE00A604B7 /* LaunchScreen.storyboard */ = {
			isa = PBXVariantGroup;
			children = (
				733659AE259A16BE00A604B7 /* Base */,
			);
			name = LaunchScreen.storyboard;
			sourceTree = "<group>";
		};
		733659D9259A2D3000A604B7 /* Main.storyboard */ = {
			isa = PBXVariantGroup;
			children = (
				733659DA259A2D3000A604B7 /* Base */,
			);
			name = Main.storyboard;
			sourceTree = "<group>";
		};
		733659DD259A2F3000A604B7 /* Home.storyboard */ = {
			isa = PBXVariantGroup;
			children = (
				733659DE259A2F3000A604B7 /* Base */,
			);
			name = Home.storyboard;
			sourceTree = "<group>";
		};
		733659E1259A2F5D00A604B7 /* Rank.storyboard */ = {
			isa = PBXVariantGroup;
			children = (
				733659E2259A2F5D00A604B7 /* Base */,
			);
			name = Rank.storyboard;
			sourceTree = "<group>";
		};
		733659E5259A2F7A00A604B7 /* Discover.storyboard */ = {
			isa = PBXVariantGroup;
			children = (
				733659E6259A2F7A00A604B7 /* Base */,
			);
			name = Discover.storyboard;
			sourceTree = "<group>";
		};
		733659E9259A2F9900A604B7 /* Profile.storyboard */ = {
			isa = PBXVariantGroup;
			children = (
				733659EA259A2F9900A604B7 /* Base */,
			);
			name = Profile.storyboard;
			sourceTree = "<group>";
		};
/* End PBXVariantGroup section */

/* Begin XCBuildConfiguration section */
		733659B1259A16BE00A604B7 /* Debug */ = {
			isa = XCBuildConfiguration;
			buildSettings = {
				ALWAYS_SEARCH_USER_PATHS = NO;
				CLANG_ANALYZER_NONNULL = YES;
				CLANG_ANALYZER_NUMBER_OBJECT_CONVERSION = YES_AGGRESSIVE;
				CLANG_CXX_LANGUAGE_STANDARD = "gnu++14";
				CLANG_CXX_LIBRARY = "libc++";
				CLANG_ENABLE_MODULES = YES;
				CLANG_ENABLE_OBJC_ARC = YES;
				CLANG_ENABLE_OBJC_WEAK = YES;
				CLANG_WARN_BLOCK_CAPTURE_AUTORELEASING = YES;
				CLANG_WARN_BOOL_CONVERSION = YES;
				CLANG_WARN_COMMA = YES;
				CLANG_WARN_CONSTANT_CONVERSION = YES;
				CLANG_WARN_DEPRECATED_OBJC_IMPLEMENTATIONS = YES;
				CLANG_WARN_DIRECT_OBJC_ISA_USAGE = YES_ERROR;
				CLANG_WARN_DOCUMENTATION_COMMENTS = YES;
				CLANG_WARN_EMPTY_BODY = YES;
				CLANG_WARN_ENUM_CONVERSION = YES;
				CLANG_WARN_INFINITE_RECURSION = YES;
				CLANG_WARN_INT_CONVERSION = YES;
				CLANG_WARN_NON_LITERAL_NULL_CONVERSION = YES;
				CLANG_WARN_OBJC_IMPLICIT_RETAIN_SELF = YES;
				CLANG_WARN_OBJC_LITERAL_CONVERSION = YES;
				CLANG_WARN_OBJC_ROOT_CLASS = YES_ERROR;
				CLANG_WARN_QUOTED_INCLUDE_IN_FRAMEWORK_HEADER = YES;
				CLANG_WARN_RANGE_LOOP_ANALYSIS = YES;
				CLANG_WARN_STRICT_PROTOTYPES = YES;
				CLANG_WARN_SUSPICIOUS_MOVE = YES;
				CLANG_WARN_UNGUARDED_AVAILABILITY = YES_AGGRESSIVE;
				CLANG_WARN_UNREACHABLE_CODE = YES;
				CLANG_WARN__DUPLICATE_METHOD_MATCH = YES;
				COPY_PHASE_STRIP = NO;
				DEBUG_INFORMATION_FORMAT = dwarf;
				ENABLE_STRICT_OBJC_MSGSEND = YES;
				ENABLE_TESTABILITY = YES;
				GCC_C_LANGUAGE_STANDARD = gnu11;
				GCC_DYNAMIC_NO_PIC = NO;
				GCC_NO_COMMON_BLOCKS = YES;
				GCC_OPTIMIZATION_LEVEL = 0;
				GCC_PREPROCESSOR_DEFINITIONS = (
					"DEBUG=1",
					"$(inherited)",
				);
				GCC_WARN_64_TO_32_BIT_CONVERSION = YES;
				GCC_WARN_ABOUT_RETURN_TYPE = YES_ERROR;
				GCC_WARN_UNDECLARED_SELECTOR = YES;
				GCC_WARN_UNINITIALIZED_AUTOS = YES_AGGRESSIVE;
				GCC_WARN_UNUSED_FUNCTION = YES;
				GCC_WARN_UNUSED_VARIABLE = YES;
				IPHONEOS_DEPLOYMENT_TARGET = 14.3;
				MTL_ENABLE_DEBUG_INFO = INCLUDE_SOURCE;
				MTL_FAST_MATH = YES;
				ONLY_ACTIVE_ARCH = YES;
				SDKROOT = iphoneos;
				SWIFT_ACTIVE_COMPILATION_CONDITIONS = DEBUG;
				SWIFT_OPTIMIZATION_LEVEL = "-Onone";
			};
			name = Debug;
		};
		733659B2259A16BE00A604B7 /* Release */ = {
			isa = XCBuildConfiguration;
			buildSettings = {
				ALWAYS_SEARCH_USER_PATHS = NO;
				CLANG_ANALYZER_NONNULL = YES;
				CLANG_ANALYZER_NUMBER_OBJECT_CONVERSION = YES_AGGRESSIVE;
				CLANG_CXX_LANGUAGE_STANDARD = "gnu++14";
				CLANG_CXX_LIBRARY = "libc++";
				CLANG_ENABLE_MODULES = YES;
				CLANG_ENABLE_OBJC_ARC = YES;
				CLANG_ENABLE_OBJC_WEAK = YES;
				CLANG_WARN_BLOCK_CAPTURE_AUTORELEASING = YES;
				CLANG_WARN_BOOL_CONVERSION = YES;
				CLANG_WARN_COMMA = YES;
				CLANG_WARN_CONSTANT_CONVERSION = YES;
				CLANG_WARN_DEPRECATED_OBJC_IMPLEMENTATIONS = YES;
				CLANG_WARN_DIRECT_OBJC_ISA_USAGE = YES_ERROR;
				CLANG_WARN_DOCUMENTATION_COMMENTS = YES;
				CLANG_WARN_EMPTY_BODY = YES;
				CLANG_WARN_ENUM_CONVERSION = YES;
				CLANG_WARN_INFINITE_RECURSION = YES;
				CLANG_WARN_INT_CONVERSION = YES;
				CLANG_WARN_NON_LITERAL_NULL_CONVERSION = YES;
				CLANG_WARN_OBJC_IMPLICIT_RETAIN_SELF = YES;
				CLANG_WARN_OBJC_LITERAL_CONVERSION = YES;
				CLANG_WARN_OBJC_ROOT_CLASS = YES_ERROR;
				CLANG_WARN_QUOTED_INCLUDE_IN_FRAMEWORK_HEADER = YES;
				CLANG_WARN_RANGE_LOOP_ANALYSIS = YES;
				CLANG_WARN_STRICT_PROTOTYPES = YES;
				CLANG_WARN_SUSPICIOUS_MOVE = YES;
				CLANG_WARN_UNGUARDED_AVAILABILITY = YES_AGGRESSIVE;
				CLANG_WARN_UNREACHABLE_CODE = YES;
				CLANG_WARN__DUPLICATE_METHOD_MATCH = YES;
				COPY_PHASE_STRIP = NO;
				DEBUG_INFORMATION_FORMAT = "dwarf-with-dsym";
				ENABLE_NS_ASSERTIONS = NO;
				ENABLE_STRICT_OBJC_MSGSEND = YES;
				GCC_C_LANGUAGE_STANDARD = gnu11;
				GCC_NO_COMMON_BLOCKS = YES;
				GCC_WARN_64_TO_32_BIT_CONVERSION = YES;
				GCC_WARN_ABOUT_RETURN_TYPE = YES_ERROR;
				GCC_WARN_UNDECLARED_SELECTOR = YES;
				GCC_WARN_UNINITIALIZED_AUTOS = YES_AGGRESSIVE;
				GCC_WARN_UNUSED_FUNCTION = YES;
				GCC_WARN_UNUSED_VARIABLE = YES;
				IPHONEOS_DEPLOYMENT_TARGET = 14.3;
				MTL_ENABLE_DEBUG_INFO = NO;
				MTL_FAST_MATH = YES;
				SDKROOT = iphoneos;
				SWIFT_COMPILATION_MODE = wholemodule;
				SWIFT_OPTIMIZATION_LEVEL = "-O";
				VALIDATE_PRODUCT = YES;
			};
			name = Release;
		};
		733659B4259A16BE00A604B7 /* Debug */ = {
			isa = XCBuildConfiguration;
			baseConfigurationReference = BA2E90A87E7D0CB54C677D8D /* Pods-CMTV.debug.xcconfig */;
			buildSettings = {
				ASSETCATALOG_COMPILER_APPICON_NAME = AppIcon;
				ASSETCATALOG_COMPILER_GLOBAL_ACCENT_COLOR_NAME = AccentColor;
				CODE_SIGN_STYLE = Automatic;
				DEVELOPMENT_TEAM = V5R4DYQUXA;
				INFOPLIST_FILE = CMTV/Info.plist;
				IPHONEOS_DEPLOYMENT_TARGET = 12.0;
				LD_RUNPATH_SEARCH_PATHS = (
					"$(inherited)",
					"@executable_path/Frameworks",
				);
				PRODUCT_BUNDLE_IDENTIFIER = com.myself.CMTV;
				PRODUCT_NAME = "$(TARGET_NAME)";
				SWIFT_VERSION = 5.0;
				TARGETED_DEVICE_FAMILY = 1;
			};
			name = Debug;
		};
		733659B5259A16BE00A604B7 /* Release */ = {
			isa = XCBuildConfiguration;
			baseConfigurationReference = F8A1930553F839B02F5B1DBD /* Pods-CMTV.release.xcconfig */;
			buildSettings = {
				ASSETCATALOG_COMPILER_APPICON_NAME = AppIcon;
				ASSETCATALOG_COMPILER_GLOBAL_ACCENT_COLOR_NAME = AccentColor;
				CODE_SIGN_STYLE = Automatic;
				DEVELOPMENT_TEAM = V5R4DYQUXA;
				INFOPLIST_FILE = CMTV/Info.plist;
				IPHONEOS_DEPLOYMENT_TARGET = 12.0;
				LD_RUNPATH_SEARCH_PATHS = (
					"$(inherited)",
					"@executable_path/Frameworks",
				);
				PRODUCT_BUNDLE_IDENTIFIER = com.myself.CMTV;
				PRODUCT_NAME = "$(TARGET_NAME)";
				SWIFT_VERSION = 5.0;
				TARGETED_DEVICE_FAMILY = 1;
			};
			name = Release;
		};
/* End XCBuildConfiguration section */

/* Begin XCConfigurationList section */
		7336599A259A16BC00A604B7 /* Build configuration list for PBXProject "CMTV" */ = {
			isa = XCConfigurationList;
			buildConfigurations = (
				733659B1259A16BE00A604B7 /* Debug */,
				733659B2259A16BE00A604B7 /* Release */,
			);
			defaultConfigurationIsVisible = 0;
			defaultConfigurationName = Release;
		};
		733659B3259A16BE00A604B7 /* Build configuration list for PBXNativeTarget "CMTV" */ = {
			isa = XCConfigurationList;
			buildConfigurations = (
				733659B4259A16BE00A604B7 /* Debug */,
				733659B5259A16BE00A604B7 /* Release */,
			);
			defaultConfigurationIsVisible = 0;
			defaultConfigurationName = Release;
		};
/* End XCConfigurationList section */
	};
	rootObject = 73365997259A16BC00A604B7 /* Project object */;
}
